
Microsoft Visual Studio Solution File, Format Version 12.00
# Visual Studio Version 16
VisualStudioVersion = 16.0.30621.155
MinimumVisualStudioVersion = 10.0.40219.1
Project("{FAE04EC0-301F-11D3-BF4B-00C04F79EFBC}") = "ObserverCS-S3", "ObserverCS-S3\ObserverCS-S3.csproj", "{57339794-F316-4E16-8BD1-604D3BD73B89}"
EndProject
Global
	GlobalSection(SolutionConfigurationPlatforms) = preSolution
		Debug|Any CPU = Debug|Any CPU
		Release|Any CPU = Release|Any CPU
	EndGlobalSection
	GlobalSection(ProjectConfigurationPlatforms) = postSolution
		{57339794-F316-4E16-8BD1-604D3BD73B89}.Debug|Any CPU.ActiveCfg = Debug|Any CPU
		{57339794-F316-4E16-8BD1-604D3BD73B89}.Debug|Any CPU.Build.0 = Debug|Any CPU
		{57339794-F316-4E16-8BD1-604D3BD73B89}.Release|Any CPU.ActiveCfg = Release|Any CPU
		{57339794-F316-4E16-8BD1-604D3BD73B89}.Release|Any CPU.Build.0 = Release|Any CPU
	EndGlobalSection
	GlobalSection(SolutionProperties) = preSolution
		HideSolutionNode = FALSE
	EndGlobalSection
	GlobalSection(ExtensibilityGlobals) = postSolution
		SolutionGuid = {47E64176-48B8-4AEB-80A6-52266890FE3F}
	EndGlobalSection
EndGlobal
